{
  "object": {
    "pins": [
      {
        "package": "GoogleSignIn",
        "repositoryURL": "https://github.com/darrarski/GoogleSignIn-Swift",
        "state": {
          "branch": null,
          "revision": "503063ce6471ffee1d066486dc1b82a1dccde2a0",
          "version": "0.0.5"
        }
      }
    ]
  },
  "version": 1
}
