// !$*UTF8*$!
{
	archiveVersion = 1;
	classes = {
	};
	objectVersion = 51;
	objects = {

/* Begin PBXBuildFile section */
		C3672F15941CC99555666025 /* Pods_Butterfly_iOS.framework in Frameworks */ = {isa = PBXBuildFile; fileRef = 39E695FC21E914F41D36A055 /* Pods_Butterfly_iOS.framework */; };
		FB0D2F7026063965001403A5 /* TextCollectionViewItem.xib in Resources */ = {isa = PBXBuildFile; fileRef = FB0D2F6E26063965001403A5 /* TextCollectionViewItem.xib */; };
		FB0D2F7126063965001403A5 /* TextCollectionViewItem.swift in Sources */ = {isa = PBXBuildFile; fileRef = FB0D2F6F26063965001403A5 /* TextCollectionViewItem.swift */; };
		FB0D2F7526063999001403A5 /* NSColor+AppColor.swift in Sources */ = {isa = PBXBuildFile; fileRef = FB0D2F7426063999001403A5 /* NSColor+AppColor.swift */; };
		FB0D2F7B26063FBF001403A5 /* PreferencesWorkspaceCollectionData.swift in Sources */ = {isa = PBXBuildFile; fileRef = FB0D2F7A26063FBF001403A5 /* PreferencesWorkspaceCollectionData.swift */; };
		FB0D2F842606FD14001403A5 /* MeetingViewController.swift in Sources */ = {isa = PBXBuildFile; fileRef = FB0D2F832606FD14001403A5 /* MeetingViewController.swift */; };
		FB0D2F882606FEF5001403A5 /* MeetingRepository.swift in Sources */ = {isa = PBXBuildFile; fileRef = FB0D2F872606FEF5001403A5 /* MeetingRepository.swift */; };
		FB0D2F8C26071930001403A5 /* FirestoreObserver.swift in Sources */ = {isa = PBXBuildFile; fileRef = FB0D2F8B26071930001403A5 /* FirestoreObserver.swift */; };
		FB0D2F9126072D1B001403A5 /* FirestoreMeetingData.swift in Sources */ = {isa = PBXBuildFile; fileRef = FB0D2F9026072D1B001403A5 /* FirestoreMeetingData.swift */; };
		FB0D2F9826072EC1001403A5 /* SelectMemberFetchProtocol.swift in Sources */ = {isa = PBXBuildFile; fileRef = FB0D2F9726072EC1001403A5 /* SelectMemberFetchProtocol.swift */; };
		FB0D2F9E26072F60001403A5 /* SelectMemberUserData.swift in Sources */ = {isa = PBXBuildFile; fileRef = FB0D2F9D26072F60001403A5 /* SelectMemberUserData.swift */; };
		FB0D2FA226073025001403A5 /* SelectMemberFetchForPreferences.swift in Sources */ = {isa = PBXBuildFile; fileRef = FB0D2FA126073025001403A5 /* SelectMemberFetchForPreferences.swift */; };
		FB0D2FA526073947001403A5 /* SelectMemberFetchForPreferences.swift in Sources */ = {isa = PBXBuildFile; fileRef = FB0D2FA126073025001403A5 /* SelectMemberFetchForPreferences.swift */; };
		FB0D2FAB26073CBD001403A5 /* FirestoreMeetingUserData.swift in Sources */ = {isa = PBXBuildFile; fileRef = FB0D2FAA26073CBD001403A5 /* FirestoreMeetingUserData.swift */; };
		FB0D2FAF26073E23001403A5 /* FirestoreMeeting.swift in Sources */ = {isa = PBXBuildFile; fileRef = FB0D2FAE26073E23001403A5 /* FirestoreMeeting.swift */; };
		FB0D2FB3260742E6001403A5 /* WorkspaceRepository.swift in Sources */ = {isa = PBXBuildFile; fileRef = FB0D2FB2260742E6001403A5 /* WorkspaceRepository.swift */; };
		FB0D2FBA26075CC5001403A5 /* SelectMemberFetchForMeeting.swift in Sources */ = {isa = PBXBuildFile; fileRef = FB0D2FB926075CC5001403A5 /* SelectMemberFetchForMeeting.swift */; };
		FB204257260C5471006620A2 /* AppScheme.swift in Sources */ = {isa = PBXBuildFile; fileRef = FB204256260C5471006620A2 /* AppScheme.swift */; };
		FB2603422608D27D00323E4B /* StatementQueue.swift in Sources */ = {isa = PBXBuildFile; fileRef = FB2603412608D27D00323E4B /* StatementQueue.swift */; };
		FB2603482608D28F00323E4B /* StatementQueueData.swift in Sources */ = {isa = PBXBuildFile; fileRef = FB2603472608D28F00323E4B /* StatementQueueData.swift */; };
		FB2603502608DC6D00323E4B /* StatementCollectionViewItem.swift in Sources */ = {isa = PBXBuildFile; fileRef = FB26034E2608DC6D00323E4B /* StatementCollectionViewItem.swift */; };
		FB2603512608DC6D00323E4B /* StatementCollectionViewItem.xib in Resources */ = {isa = PBXBuildFile; fileRef = FB26034F2608DC6D00323E4B /* StatementCollectionViewItem.xib */; };
		FB2603572608DE5B00323E4B /* StatementCollectionViewItemPresenter.swift in Sources */ = {isa = PBXBuildFile; fileRef = FB2603562608DE5B00323E4B /* StatementCollectionViewItemPresenter.swift */; };
		FB26035F260B946400323E4B /* StatementShareViewController.swift in Sources */ = {isa = PBXBuildFile; fileRef = FB26035E260B946400323E4B /* StatementShareViewController.swift */; };
		FB523C21260765C800801070 /* MeetingInputViewController.swift in Sources */ = {isa = PBXBuildFile; fileRef = FB523C20260765C800801070 /* MeetingInputViewController.swift */; };
		FB523C252607681C00801070 /* SaveMeeting.swift in Sources */ = {isa = PBXBuildFile; fileRef = FB523C242607681B00801070 /* SaveMeeting.swift */; };
		FB523C2B2607738C00801070 /* RepositoryDocumentChange.swift in Sources */ = {isa = PBXBuildFile; fileRef = FB523C2A2607738C00801070 /* RepositoryDocumentChange.swift */; };
		FB523C2F2607739600801070 /* RepositoryDocumentChangeType.swift in Sources */ = {isa = PBXBuildFile; fileRef = FB523C2E2607739600801070 /* RepositoryDocumentChangeType.swift */; };
		FB523C372607779100801070 /* MeetingCollectionViewController.swift in Sources */ = {isa = PBXBuildFile; fileRef = FB523C362607779100801070 /* MeetingCollectionViewController.swift */; };
		FB523C3D26077D9E00801070 /* FirestoreDocumentChangeWithData.swift in Sources */ = {isa = PBXBuildFile; fileRef = FB523C3C26077D9E00801070 /* FirestoreDocumentChangeWithData.swift */; };
		FB523C4A26081A3E00801070 /* MemberIconContainer.swift in Sources */ = {isa = PBXBuildFile; fileRef = FB523C4926081A3E00801070 /* MemberIconContainer.swift */; };
		FB9D716A260820A700B7E9DE /* MeetingCollectionViewItem.swift in Sources */ = {isa = PBXBuildFile; fileRef = FB9D7168260820A700B7E9DE /* MeetingCollectionViewItem.swift */; };
		FB9D716B260820A700B7E9DE /* MeetingCollectionViewItem.xib in Resources */ = {isa = PBXBuildFile; fileRef = FB9D7169260820A700B7E9DE /* MeetingCollectionViewItem.xib */; };
		FB9D71712608289600B7E9DE /* MeetingCollectionViewItemPresenter.swift in Sources */ = {isa = PBXBuildFile; fileRef = FB9D71702608289600B7E9DE /* MeetingCollectionViewItemPresenter.swift */; };
		FB9D71802608615F00B7E9DE /* FirestoreStatement.swift in Sources */ = {isa = PBXBuildFile; fileRef = FB9D717F2608615F00B7E9DE /* FirestoreStatement.swift */; };
		FB9D71862608616A00B7E9DE /* FirestoreStatementData.swift in Sources */ = {isa = PBXBuildFile; fileRef = FB9D71852608616A00B7E9DE /* FirestoreStatementData.swift */; };
		FB9D718A260861BE00B7E9DE /* FirestoreStatementUserData.swift in Sources */ = {isa = PBXBuildFile; fileRef = FB9D7189260861BE00B7E9DE /* FirestoreStatementUserData.swift */; };
		FB9D71922608668000B7E9DE /* StatementRepository.swift in Sources */ = {isa = PBXBuildFile; fileRef = FB9D71912608668000B7E9DE /* StatementRepository.swift */; };
		FB9D719726086D7700B7E9DE /* StatementViewController.swift in Sources */ = {isa = PBXBuildFile; fileRef = FB9D719626086D7700B7E9DE /* StatementViewController.swift */; };
		FB9D719D2608711300B7E9DE /* StatementWindowController.swift in Sources */ = {isa = PBXBuildFile; fileRef = FB9D719C2608711300B7E9DE /* StatementWindowController.swift */; };
		FB9D71A42608763A00B7E9DE /* SpeechRecognizer.swift in Sources */ = {isa = PBXBuildFile; fileRef = FB9D71A32608763A00B7E9DE /* SpeechRecognizer.swift */; };
		FB9D71AB26087BD500B7E9DE /* ObserveBreakInStatements.swift in Sources */ = {isa = PBXBuildFile; fileRef = FB9D71AA26087BD500B7E9DE /* ObserveBreakInStatements.swift */; };
		FB9D71B32608854100B7E9DE /* RecognitionRequest.swift in Sources */ = {isa = PBXBuildFile; fileRef = FB9D71B22608854100B7E9DE /* RecognitionRequest.swift */; };
		FBA2883A25F8896600D1B3BD /* AppDelegate.swift in Sources */ = {isa = PBXBuildFile; fileRef = FBA2883925F8896600D1B3BD /* AppDelegate.swift */; };
		FBA2883C25F8896600D1B3BD /* MainViewController.swift in Sources */ = {isa = PBXBuildFile; fileRef = FBA2883B25F8896600D1B3BD /* MainViewController.swift */; };
		FBA2883E25F8896700D1B3BD /* Assets.xcassets in Resources */ = {isa = PBXBuildFile; fileRef = FBA2883D25F8896700D1B3BD /* Assets.xcassets */; };
		FBA2884125F8896700D1B3BD /* Main.storyboard in Resources */ = {isa = PBXBuildFile; fileRef = FBA2883F25F8896700D1B3BD /* Main.storyboard */; };
		FBA5443225FA554200112066 /* AppDelegate.swift in Sources */ = {isa = PBXBuildFile; fileRef = FBA5443125FA554200112066 /* AppDelegate.swift */; };
		FBA5443425FA554200112066 /* SceneDelegate.swift in Sources */ = {isa = PBXBuildFile; fileRef = FBA5443325FA554200112066 /* SceneDelegate.swift */; };
		FBA5443625FA554200112066 /* ViewController.swift in Sources */ = {isa = PBXBuildFile; fileRef = FBA5443525FA554200112066 /* ViewController.swift */; };
		FBA5443925FA554200112066 /* Main.storyboard in Resources */ = {isa = PBXBuildFile; fileRef = FBA5443725FA554200112066 /* Main.storyboard */; };
		FBA5443B25FA554200112066 /* Assets.xcassets in Resources */ = {isa = PBXBuildFile; fileRef = FBA5443A25FA554200112066 /* Assets.xcassets */; };
		FBA5443E25FA554200112066 /* LaunchScreen.storyboard in Resources */ = {isa = PBXBuildFile; fileRef = FBA5443C25FA554200112066 /* LaunchScreen.storyboard */; };
		FBA5447325FA55E500112066 /* FirestoreSetup.swift in Sources */ = {isa = PBXBuildFile; fileRef = FBA5447225FA55E500112066 /* FirestoreSetup.swift */; };
		FBA5447425FA55E500112066 /* FirestoreSetup.swift in Sources */ = {isa = PBXBuildFile; fileRef = FBA5447225FA55E500112066 /* FirestoreSetup.swift */; };
		FBA544AD25FA5D2400112066 /* PreferencesFirebaseViewController.swift in Sources */ = {isa = PBXBuildFile; fileRef = FBA544AC25FA5D2400112066 /* PreferencesFirebaseViewController.swift */; };
		FBA544B425FA61EA00112066 /* SettingUserDefault.swift in Sources */ = {isa = PBXBuildFile; fileRef = FBA544B325FA61EA00112066 /* SettingUserDefault.swift */; };
		FBA544C025FA667000112066 /* PreferencesWindowController.swift in Sources */ = {isa = PBXBuildFile; fileRef = FBA544BF25FA667000112066 /* PreferencesWindowController.swift */; };
		FBA544C425FCF43600112066 /* PreferencesUserViewController.swift in Sources */ = {isa = PBXBuildFile; fileRef = FBA544C325FCF43600112066 /* PreferencesUserViewController.swift */; };
		FBA544F325FD04BB00112066 /* EditableNSTextField.swift in Sources */ = {isa = PBXBuildFile; fileRef = FBA544F225FD04BB00112066 /* EditableNSTextField.swift */; };
		FBA544FF25FD12EE00112066 /* SettingUserDefault.swift in Sources */ = {isa = PBXBuildFile; fileRef = FBA544B325FA61EA00112066 /* SettingUserDefault.swift */; };
		FBA5456025FE48AF00112066 /* SignUp.swift in Sources */ = {isa = PBXBuildFile; fileRef = FBA5455F25FE48AF00112066 /* SignUp.swift */; };
		FBA5456825FE5BF100112066 /* AlertBuilder.swift in Sources */ = {isa = PBXBuildFile; fileRef = FBA5456725FE5BF100112066 /* AlertBuilder.swift */; };
		FBA5459025FE620700112066 /* SignIn.swift in Sources */ = {isa = PBXBuildFile; fileRef = FBA5458F25FE620700112066 /* SignIn.swift */; };
		FBA5459C25FF975800112066 /* SignOut.swift in Sources */ = {isa = PBXBuildFile; fileRef = FBA5459B25FF975800112066 /* SignOut.swift */; };
		FBA545CB25FFA28B00112066 /* FirestoreUserData.swift in Sources */ = {isa = PBXBuildFile; fileRef = FBA545CA25FFA28B00112066 /* FirestoreUserData.swift */; };
		FBA545D625FFA3AA00112066 /* FirestoreUserData.swift in Sources */ = {isa = PBXBuildFile; fileRef = FBA545CA25FFA28B00112066 /* FirestoreUserData.swift */; };
		FBA545D725FFA3AA00112066 /* SignUp.swift in Sources */ = {isa = PBXBuildFile; fileRef = FBA5455F25FE48AF00112066 /* SignUp.swift */; };
		FBA545D825FFA3AA00112066 /* SignIn.swift in Sources */ = {isa = PBXBuildFile; fileRef = FBA5458F25FE620700112066 /* SignIn.swift */; };
		FBA545D925FFA3AA00112066 /* SignOut.swift in Sources */ = {isa = PBXBuildFile; fileRef = FBA5459B25FF975800112066 /* SignOut.swift */; };
		FBA545DA25FFA3AA00112066 /* AuthUser.swift in Sources */ = {isa = PBXBuildFile; fileRef = FBFCAAC425FF2FC900D66CC9 /* AuthUser.swift */; };
		FBA545DE25FFA3D300112066 /* FirestoreUser.swift in Sources */ = {isa = PBXBuildFile; fileRef = FBA545DD25FFA3D300112066 /* FirestoreUser.swift */; };
		FBA545DF25FFA3D300112066 /* FirestoreUser.swift in Sources */ = {isa = PBXBuildFile; fileRef = FBA545DD25FFA3D300112066 /* FirestoreUser.swift */; };
		FBA545E425FFACEA00112066 /* PreferencesRepository.swift in Sources */ = {isa = PBXBuildFile; fileRef = FBA545E325FFACEA00112066 /* PreferencesRepository.swift */; };
		FBA545E525FFACEA00112066 /* PreferencesRepository.swift in Sources */ = {isa = PBXBuildFile; fileRef = FBA545E325FFACEA00112066 /* PreferencesRepository.swift */; };
		FBA546192600ECEF00112066 /* IconImage.swift in Sources */ = {isa = PBXBuildFile; fileRef = FBA546182600ECEF00112066 /* IconImage.swift */; };
		FBA5461A2600ECEF00112066 /* IconImage.swift in Sources */ = {isa = PBXBuildFile; fileRef = FBA546182600ECEF00112066 /* IconImage.swift */; };
		FBA546232600F47700112066 /* UploadIconImage.swift in Sources */ = {isa = PBXBuildFile; fileRef = FBA546222600F47700112066 /* UploadIconImage.swift */; };
		FBA546242600F47700112066 /* UploadIconImage.swift in Sources */ = {isa = PBXBuildFile; fileRef = FBA546222600F47700112066 /* UploadIconImage.swift */; };
		FBA546282600FA2700112066 /* UploadIconImageResponse.swift in Sources */ = {isa = PBXBuildFile; fileRef = FBA546272600FA2700112066 /* UploadIconImageResponse.swift */; };
		FBA546292600FA2700112066 /* UploadIconImageResponse.swift in Sources */ = {isa = PBXBuildFile; fileRef = FBA546272600FA2700112066 /* UploadIconImageResponse.swift */; };
		FBA546382602409800112066 /* PreferencesWorkspaceViewController.swift in Sources */ = {isa = PBXBuildFile; fileRef = FBA546372602409800112066 /* PreferencesWorkspaceViewController.swift */; };
		FBA5463C260240BF00112066 /* PreferencesWorkspaceInputViewController.swift in Sources */ = {isa = PBXBuildFile; fileRef = FBA5463B260240BF00112066 /* PreferencesWorkspaceInputViewController.swift */; };
		FBF9A5BD26038A7100AE78DF /* MemberIconView.swift in Sources */ = {isa = PBXBuildFile; fileRef = FBF9A5BC26038A7100AE78DF /* MemberIconView.swift */; };
		FBF9A5C126038A7E00AE78DF /* MemberIconView.xib in Resources */ = {isa = PBXBuildFile; fileRef = FBF9A5C026038A7E00AE78DF /* MemberIconView.xib */; };
		FBF9A5C626038BCC00AE78DF /* NSImageView+AsyncLoad.swift in Sources */ = {isa = PBXBuildFile; fileRef = FBF9A5C526038BCC00AE78DF /* NSImageView+AsyncLoad.swift */; };
		FBF9A5CD260392D500AE78DF /* SelectMemberViewController.swift in Sources */ = {isa = PBXBuildFile; fileRef = FBF9A5CC260392D500AE78DF /* SelectMemberViewController.swift */; };
		FBF9A5D32603957B00AE78DF /* SelectMemberCollectionViewItem.swift in Sources */ = {isa = PBXBuildFile; fileRef = FBF9A5D22603957B00AE78DF /* SelectMemberCollectionViewItem.swift */; };
		FBF9A5D72603958B00AE78DF /* SelectMemberCollectionViewItem.xib in Resources */ = {isa = PBXBuildFile; fileRef = FBF9A5D62603958B00AE78DF /* SelectMemberCollectionViewItem.xib */; };
		FBF9A5DD2603975A00AE78DF /* SelectMemberCollectionViewItemPresenter.swift in Sources */ = {isa = PBXBuildFile; fileRef = FBF9A5DC2603975A00AE78DF /* SelectMemberCollectionViewItemPresenter.swift */; };
		FBF9A5E726056E4F00AE78DF /* NSView+NoClipping.swift in Sources */ = {isa = PBXBuildFile; fileRef = FBF9A5E626056E4F00AE78DF /* NSView+NoClipping.swift */; };
		FBF9A5EB2605898A00AE78DF /* SelectMemberCollectionData.swift in Sources */ = {isa = PBXBuildFile; fileRef = FBF9A5EA2605898900AE78DF /* SelectMemberCollectionData.swift */; };
		FBF9A60F2605BD8A00AE78DF /* FirestoreWorkspaceData.swift in Sources */ = {isa = PBXBuildFile; fileRef = FBF9A60E2605BD8A00AE78DF /* FirestoreWorkspaceData.swift */; };
		FBF9A6102605BD8A00AE78DF /* FirestoreWorkspaceData.swift in Sources */ = {isa = PBXBuildFile; fileRef = FBF9A60E2605BD8A00AE78DF /* FirestoreWorkspaceData.swift */; };
		FBF9A6142605BDD600AE78DF /* FirestoreWorkspace.swift in Sources */ = {isa = PBXBuildFile; fileRef = FBF9A6132605BDD600AE78DF /* FirestoreWorkspace.swift */; };
		FBF9A6152605BDD600AE78DF /* FirestoreWorkspace.swift in Sources */ = {isa = PBXBuildFile; fileRef = FBF9A6132605BDD600AE78DF /* FirestoreWorkspace.swift */; };
		FBF9A6282606302200AE78DF /* SaveWorkspace.swift in Sources */ = {isa = PBXBuildFile; fileRef = FBF9A6272606302200AE78DF /* SaveWorkspace.swift */; };
		FBF9A6292606302200AE78DF /* SaveWorkspace.swift in Sources */ = {isa = PBXBuildFile; fileRef = FBF9A6272606302200AE78DF /* SaveWorkspace.swift */; };
		FBFCAAC525FF2FCA00D66CC9 /* AuthUser.swift in Sources */ = {isa = PBXBuildFile; fileRef = FBFCAAC425FF2FC900D66CC9 /* AuthUser.swift */; };
		FE979F1D6A67DA01DB4748E0 /* Pods_Butterfly.framework in Frameworks */ = {isa = PBXBuildFile; fileRef = A6B93144670685FE55D28ABD /* Pods_Butterfly.framework */; };
/* End PBXBuildFile section */

/* Begin PBXFileReference section */
		17389D7879DDB756C453740D /* Pods-Butterfly.debug.xcconfig */ = {isa = PBXFileReference; includeInIndex = 1; lastKnownFileType = text.xcconfig; name = "Pods-Butterfly.debug.xcconfig"; path = "Target Support Files/Pods-Butterfly/Pods-Butterfly.debug.xcconfig"; sourceTree = "<group>"; };
		35613D854FB62252F15EADAB /* Pods-Butterfly-iOS.release.xcconfig */ = {isa = PBXFileReference; includeInIndex = 1; lastKnownFileType = text.xcconfig; name = "Pods-Butterfly-iOS.release.xcconfig"; path = "Target Support Files/Pods-Butterfly-iOS/Pods-Butterfly-iOS.release.xcconfig"; sourceTree = "<group>"; };
		39E695FC21E914F41D36A055 /* Pods_Butterfly_iOS.framework */ = {isa = PBXFileReference; explicitFileType = wrapper.framework; includeInIndex = 0; path = Pods_Butterfly_iOS.framework; sourceTree = BUILT_PRODUCTS_DIR; };
		A6B93144670685FE55D28ABD /* Pods_Butterfly.framework */ = {isa = PBXFileReference; explicitFileType = wrapper.framework; includeInIndex = 0; path = Pods_Butterfly.framework; sourceTree = BUILT_PRODUCTS_DIR; };
		F30ACA8222B6B825B01A6E98 /* Pods-Butterfly-iOS.debug.xcconfig */ = {isa = PBXFileReference; includeInIndex = 1; lastKnownFileType = text.xcconfig; name = "Pods-Butterfly-iOS.debug.xcconfig"; path = "Target Support Files/Pods-Butterfly-iOS/Pods-Butterfly-iOS.debug.xcconfig"; sourceTree = "<group>"; };
		FB0D2F6E26063965001403A5 /* TextCollectionViewItem.xib */ = {isa = PBXFileReference; fileEncoding = 4; lastKnownFileType = file.xib; path = TextCollectionViewItem.xib; sourceTree = "<group>"; };
		FB0D2F6F26063965001403A5 /* TextCollectionViewItem.swift */ = {isa = PBXFileReference; fileEncoding = 4; lastKnownFileType = sourcecode.swift; path = TextCollectionViewItem.swift; sourceTree = "<group>"; };
		FB0D2F7426063999001403A5 /* NSColor+AppColor.swift */ = {isa = PBXFileReference; fileEncoding = 4; lastKnownFileType = sourcecode.swift; path = "NSColor+AppColor.swift"; sourceTree = "<group>"; };
		FB0D2F7A26063FBF001403A5 /* PreferencesWorkspaceCollectionData.swift */ = {isa = PBXFileReference; lastKnownFileType = sourcecode.swift; path = PreferencesWorkspaceCollectionData.swift; sourceTree = "<group>"; };
		FB0D2F832606FD14001403A5 /* MeetingViewController.swift */ = {isa = PBXFileReference; lastKnownFileType = sourcecode.swift; path = MeetingViewController.swift; sourceTree = "<group>"; };
		FB0D2F872606FEF5001403A5 /* MeetingRepository.swift */ = {isa = PBXFileReference; lastKnownFileType = sourcecode.swift; path = MeetingRepository.swift; sourceTree = "<group>"; };
		FB0D2F8B26071930001403A5 /* FirestoreObserver.swift */ = {isa = PBXFileReference; lastKnownFileType = sourcecode.swift; path = FirestoreObserver.swift; sourceTree = "<group>"; };
		FB0D2F9026072D1B001403A5 /* FirestoreMeetingData.swift */ = {isa = PBXFileReference; lastKnownFileType = sourcecode.swift; path = FirestoreMeetingData.swift; sourceTree = "<group>"; };
		FB0D2F9726072EC1001403A5 /* SelectMemberFetchProtocol.swift */ = {isa = PBXFileReference; lastKnownFileType = sourcecode.swift; path = SelectMemberFetchProtocol.swift; sourceTree = "<group>"; };
		FB0D2F9D26072F60001403A5 /* SelectMemberUserData.swift */ = {isa = PBXFileReference; lastKnownFileType = sourcecode.swift; path = SelectMemberUserData.swift; sourceTree = "<group>"; };
		FB0D2FA126073025001403A5 /* SelectMemberFetchForPreferences.swift */ = {isa = PBXFileReference; lastKnownFileType = sourcecode.swift; path = SelectMemberFetchForPreferences.swift; sourceTree = "<group>"; };
		FB0D2FAA26073CBD001403A5 /* FirestoreMeetingUserData.swift */ = {isa = PBXFileReference; lastKnownFileType = sourcecode.swift; path = FirestoreMeetingUserData.swift; sourceTree = "<group>"; };
		FB0D2FAE26073E23001403A5 /* FirestoreMeeting.swift */ = {isa = PBXFileReference; lastKnownFileType = sourcecode.swift; path = FirestoreMeeting.swift; sourceTree = "<group>"; };
		FB0D2FB2260742E6001403A5 /* WorkspaceRepository.swift */ = {isa = PBXFileReference; lastKnownFileType = sourcecode.swift; path = WorkspaceRepository.swift; sourceTree = "<group>"; };
		FB0D2FB926075CC5001403A5 /* SelectMemberFetchForMeeting.swift */ = {isa = PBXFileReference; lastKnownFileType = sourcecode.swift; path = SelectMemberFetchForMeeting.swift; sourceTree = "<group>"; };
		FB204256260C5471006620A2 /* AppScheme.swift */ = {isa = PBXFileReference; lastKnownFileType = sourcecode.swift; path = AppScheme.swift; sourceTree = "<group>"; };
		FB2603412608D27D00323E4B /* StatementQueue.swift */ = {isa = PBXFileReference; lastKnownFileType = sourcecode.swift; path = StatementQueue.swift; sourceTree = "<group>"; };
		FB2603472608D28F00323E4B /* StatementQueueData.swift */ = {isa = PBXFileReference; lastKnownFileType = sourcecode.swift; path = StatementQueueData.swift; sourceTree = "<group>"; };
		FB26034E2608DC6D00323E4B /* StatementCollectionViewItem.swift */ = {isa = PBXFileReference; lastKnownFileType = sourcecode.swift; path = StatementCollectionViewItem.swift; sourceTree = "<group>"; };
		FB26034F2608DC6D00323E4B /* StatementCollectionViewItem.xib */ = {isa = PBXFileReference; lastKnownFileType = file.xib; path = StatementCollectionViewItem.xib; sourceTree = "<group>"; };
		FB2603562608DE5B00323E4B /* StatementCollectionViewItemPresenter.swift */ = {isa = PBXFileReference; lastKnownFileType = sourcecode.swift; path = StatementCollectionViewItemPresenter.swift; sourceTree = "<group>"; };
		FB26035E260B946400323E4B /* StatementShareViewController.swift */ = {isa = PBXFileReference; lastKnownFileType = sourcecode.swift; path = StatementShareViewController.swift; sourceTree = "<group>"; };
		FB523C20260765C800801070 /* MeetingInputViewController.swift */ = {isa = PBXFileReference; lastKnownFileType = sourcecode.swift; path = MeetingInputViewController.swift; sourceTree = "<group>"; };
		FB523C242607681B00801070 /* SaveMeeting.swift */ = {isa = PBXFileReference; lastKnownFileType = sourcecode.swift; path = SaveMeeting.swift; sourceTree = "<group>"; };
		FB523C2A2607738C00801070 /* RepositoryDocumentChange.swift */ = {isa = PBXFileReference; lastKnownFileType = sourcecode.swift; path = RepositoryDocumentChange.swift; sourceTree = "<group>"; };
		FB523C2E2607739600801070 /* RepositoryDocumentChangeType.swift */ = {isa = PBXFileReference; lastKnownFileType = sourcecode.swift; path = RepositoryDocumentChangeType.swift; sourceTree = "<group>"; };
		FB523C362607779100801070 /* MeetingCollectionViewController.swift */ = {isa = PBXFileReference; lastKnownFileType = sourcecode.swift; path = MeetingCollectionViewController.swift; sourceTree = "<group>"; };
		FB523C3C26077D9E00801070 /* FirestoreDocumentChangeWithData.swift */ = {isa = PBXFileReference; lastKnownFileType = sourcecode.swift; path = FirestoreDocumentChangeWithData.swift; sourceTree = "<group>"; };
		FB523C4926081A3E00801070 /* MemberIconContainer.swift */ = {isa = PBXFileReference; lastKnownFileType = sourcecode.swift; path = MemberIconContainer.swift; sourceTree = "<group>"; };
		FB9D7168260820A700B7E9DE /* MeetingCollectionViewItem.swift */ = {isa = PBXFileReference; fileEncoding = 4; lastKnownFileType = sourcecode.swift; path = MeetingCollectionViewItem.swift; sourceTree = "<group>"; };
		FB9D7169260820A700B7E9DE /* MeetingCollectionViewItem.xib */ = {isa = PBXFileReference; fileEncoding = 4; lastKnownFileType = file.xib; path = MeetingCollectionViewItem.xib; sourceTree = "<group>"; };
		FB9D71702608289600B7E9DE /* MeetingCollectionViewItemPresenter.swift */ = {isa = PBXFileReference; lastKnownFileType = sourcecode.swift; path = MeetingCollectionViewItemPresenter.swift; sourceTree = "<group>"; };
		FB9D717F2608615F00B7E9DE /* FirestoreStatement.swift */ = {isa = PBXFileReference; lastKnownFileType = sourcecode.swift; path = FirestoreStatement.swift; sourceTree = "<group>"; };
		FB9D71852608616A00B7E9DE /* FirestoreStatementData.swift */ = {isa = PBXFileReference; lastKnownFileType = sourcecode.swift; path = FirestoreStatementData.swift; sourceTree = "<group>"; };
		FB9D7189260861BE00B7E9DE /* FirestoreStatementUserData.swift */ = {isa = PBXFileReference; lastKnownFileType = sourcecode.swift; path = FirestoreStatementUserData.swift; sourceTree = "<group>"; };
		FB9D71912608668000B7E9DE /* StatementRepository.swift */ = {isa = PBXFileReference; lastKnownFileType = sourcecode.swift; path = StatementRepository.swift; sourceTree = "<group>"; };
		FB9D719626086D7700B7E9DE /* StatementViewController.swift */ = {isa = PBXFileReference; lastKnownFileType = sourcecode.swift; path = StatementViewController.swift; sourceTree = "<group>"; };
		FB9D719C2608711300B7E9DE /* StatementWindowController.swift */ = {isa = PBXFileReference; lastKnownFileType = sourcecode.swift; path = StatementWindowController.swift; sourceTree = "<group>"; };
		FB9D71A32608763A00B7E9DE /* SpeechRecognizer.swift */ = {isa = PBXFileReference; lastKnownFileType = sourcecode.swift; path = SpeechRecognizer.swift; sourceTree = "<group>"; };
		FB9D71AA26087BD500B7E9DE /* ObserveBreakInStatements.swift */ = {isa = PBXFileReference; lastKnownFileType = sourcecode.swift; path = ObserveBreakInStatements.swift; sourceTree = "<group>"; };
		FB9D71B22608854100B7E9DE /* RecognitionRequest.swift */ = {isa = PBXFileReference; lastKnownFileType = sourcecode.swift; path = RecognitionRequest.swift; sourceTree = "<group>"; };
		FB9D71B926088DA900B7E9DE /* test.m4a */ = {isa = PBXFileReference; lastKnownFileType = file; path = test.m4a; sourceTree = "<group>"; };
		FBA2883625F8896600D1B3BD /* Butterfly.app */ = {isa = PBXFileReference; explicitFileType = wrapper.application; includeInIndex = 0; path = Butterfly.app; sourceTree = BUILT_PRODUCTS_DIR; };
		FBA2883925F8896600D1B3BD /* AppDelegate.swift */ = {isa = PBXFileReference; lastKnownFileType = sourcecode.swift; path = AppDelegate.swift; sourceTree = "<group>"; };
		FBA2883B25F8896600D1B3BD /* MainViewController.swift */ = {isa = PBXFileReference; lastKnownFileType = sourcecode.swift; path = MainViewController.swift; sourceTree = "<group>"; };
		FBA2883D25F8896700D1B3BD /* Assets.xcassets */ = {isa = PBXFileReference; lastKnownFileType = folder.assetcatalog; path = Assets.xcassets; sourceTree = "<group>"; };
		FBA2884025F8896700D1B3BD /* Base */ = {isa = PBXFileReference; lastKnownFileType = file.storyboard; name = Base; path = Base.lproj/Main.storyboard; sourceTree = "<group>"; };
		FBA2884225F8896700D1B3BD /* Info.plist */ = {isa = PBXFileReference; lastKnownFileType = text.plist.xml; path = Info.plist; sourceTree = "<group>"; };
		FBA2884325F8896700D1B3BD /* Butterfly.entitlements */ = {isa = PBXFileReference; lastKnownFileType = text.plist.entitlements; path = Butterfly.entitlements; sourceTree = "<group>"; };
		FBA5442F25FA554200112066 /* Butterfly-iOS.app */ = {isa = PBXFileReference; explicitFileType = wrapper.application; includeInIndex = 0; path = "Butterfly-iOS.app"; sourceTree = BUILT_PRODUCTS_DIR; };
		FBA5443125FA554200112066 /* AppDelegate.swift */ = {isa = PBXFileReference; lastKnownFileType = sourcecode.swift; path = AppDelegate.swift; sourceTree = "<group>"; };
		FBA5443325FA554200112066 /* SceneDelegate.swift */ = {isa = PBXFileReference; lastKnownFileType = sourcecode.swift; path = SceneDelegate.swift; sourceTree = "<group>"; };
		FBA5443525FA554200112066 /* ViewController.swift */ = {isa = PBXFileReference; lastKnownFileType = sourcecode.swift; path = ViewController.swift; sourceTree = "<group>"; };
		FBA5443825FA554200112066 /* Base */ = {isa = PBXFileReference; lastKnownFileType = file.storyboard; name = Base; path = Base.lproj/Main.storyboard; sourceTree = "<group>"; };
		FBA5443A25FA554200112066 /* Assets.xcassets */ = {isa = PBXFileReference; lastKnownFileType = folder.assetcatalog; path = Assets.xcassets; sourceTree = "<group>"; };
		FBA5443D25FA554200112066 /* Base */ = {isa = PBXFileReference; lastKnownFileType = file.storyboard; name = Base; path = Base.lproj/LaunchScreen.storyboard; sourceTree = "<group>"; };
		FBA5443F25FA554200112066 /* Info.plist */ = {isa = PBXFileReference; lastKnownFileType = text.plist.xml; path = Info.plist; sourceTree = "<group>"; };
		FBA5447225FA55E500112066 /* FirestoreSetup.swift */ = {isa = PBXFileReference; lastKnownFileType = sourcecode.swift; path = FirestoreSetup.swift; sourceTree = "<group>"; };
		FBA544AC25FA5D2400112066 /* PreferencesFirebaseViewController.swift */ = {isa = PBXFileReference; lastKnownFileType = sourcecode.swift; path = PreferencesFirebaseViewController.swift; sourceTree = "<group>"; };
		FBA544B325FA61EA00112066 /* SettingUserDefault.swift */ = {isa = PBXFileReference; lastKnownFileType = sourcecode.swift; path = SettingUserDefault.swift; sourceTree = "<group>"; };
		FBA544BF25FA667000112066 /* PreferencesWindowController.swift */ = {isa = PBXFileReference; lastKnownFileType = sourcecode.swift; path = PreferencesWindowController.swift; sourceTree = "<group>"; };
		FBA544C325FCF43600112066 /* PreferencesUserViewController.swift */ = {isa = PBXFileReference; lastKnownFileType = sourcecode.swift; path = PreferencesUserViewController.swift; sourceTree = "<group>"; };
		FBA544F225FD04BB00112066 /* EditableNSTextField.swift */ = {isa = PBXFileReference; lastKnownFileType = sourcecode.swift; path = EditableNSTextField.swift; sourceTree = "<group>"; };
		FBA5455F25FE48AF00112066 /* SignUp.swift */ = {isa = PBXFileReference; lastKnownFileType = sourcecode.swift; path = SignUp.swift; sourceTree = "<group>"; };
		FBA5456725FE5BF100112066 /* AlertBuilder.swift */ = {isa = PBXFileReference; lastKnownFileType = sourcecode.swift; path = AlertBuilder.swift; sourceTree = "<group>"; };
		FBA5458F25FE620700112066 /* SignIn.swift */ = {isa = PBXFileReference; lastKnownFileType = sourcecode.swift; path = SignIn.swift; sourceTree = "<group>"; };
		FBA5459B25FF975800112066 /* SignOut.swift */ = {isa = PBXFileReference; lastKnownFileType = sourcecode.swift; path = SignOut.swift; sourceTree = "<group>"; };
		FBA545CA25FFA28B00112066 /* FirestoreUserData.swift */ = {isa = PBXFileReference; lastKnownFileType = sourcecode.swift; path = FirestoreUserData.swift; sourceTree = "<group>"; };
		FBA545DD25FFA3D300112066 /* FirestoreUser.swift */ = {isa = PBXFileReference; lastKnownFileType = sourcecode.swift; path = FirestoreUser.swift; sourceTree = "<group>"; };
		FBA545E325FFACEA00112066 /* PreferencesRepository.swift */ = {isa = PBXFileReference; lastKnownFileType = sourcecode.swift; path = PreferencesRepository.swift; sourceTree = "<group>"; };
		FBA546182600ECEF00112066 /* IconImage.swift */ = {isa = PBXFileReference; lastKnownFileType = sourcecode.swift; path = IconImage.swift; sourceTree = "<group>"; };
		FBA546222600F47700112066 /* UploadIconImage.swift */ = {isa = PBXFileReference; lastKnownFileType = sourcecode.swift; path = UploadIconImage.swift; sourceTree = "<group>"; };
		FBA546272600FA2700112066 /* UploadIconImageResponse.swift */ = {isa = PBXFileReference; lastKnownFileType = sourcecode.swift; path = UploadIconImageResponse.swift; sourceTree = "<group>"; };
		FBA546372602409800112066 /* PreferencesWorkspaceViewController.swift */ = {isa = PBXFileReference; lastKnownFileType = sourcecode.swift; path = PreferencesWorkspaceViewController.swift; sourceTree = "<group>"; };
		FBA5463B260240BF00112066 /* PreferencesWorkspaceInputViewController.swift */ = {isa = PBXFileReference; lastKnownFileType = sourcecode.swift; path = PreferencesWorkspaceInputViewController.swift; sourceTree = "<group>"; };
		FBF9A5BC26038A7100AE78DF /* MemberIconView.swift */ = {isa = PBXFileReference; lastKnownFileType = sourcecode.swift; path = MemberIconView.swift; sourceTree = "<group>"; };
		FBF9A5C026038A7E00AE78DF /* MemberIconView.xib */ = {isa = PBXFileReference; lastKnownFileType = file.xib; path = MemberIconView.xib; sourceTree = "<group>"; };
		FBF9A5C526038BCC00AE78DF /* NSImageView+AsyncLoad.swift */ = {isa = PBXFileReference; lastKnownFileType = sourcecode.swift; path = "NSImageView+AsyncLoad.swift"; sourceTree = "<group>"; };
		FBF9A5CC260392D500AE78DF /* SelectMemberViewController.swift */ = {isa = PBXFileReference; lastKnownFileType = sourcecode.swift; path = SelectMemberViewController.swift; sourceTree = "<group>"; };
		FBF9A5D22603957B00AE78DF /* SelectMemberCollectionViewItem.swift */ = {isa = PBXFileReference; lastKnownFileType = sourcecode.swift; path = SelectMemberCollectionViewItem.swift; sourceTree = "<group>"; };
		FBF9A5D62603958B00AE78DF /* SelectMemberCollectionViewItem.xib */ = {isa = PBXFileReference; lastKnownFileType = file.xib; path = SelectMemberCollectionViewItem.xib; sourceTree = "<group>"; };
		FBF9A5DC2603975A00AE78DF /* SelectMemberCollectionViewItemPresenter.swift */ = {isa = PBXFileReference; lastKnownFileType = sourcecode.swift; path = SelectMemberCollectionViewItemPresenter.swift; sourceTree = "<group>"; };
		FBF9A5E626056E4F00AE78DF /* NSView+NoClipping.swift */ = {isa = PBXFileReference; lastKnownFileType = sourcecode.swift; path = "NSView+NoClipping.swift"; sourceTree = "<group>"; };
		FBF9A5EA2605898900AE78DF /* SelectMemberCollectionData.swift */ = {isa = PBXFileReference; lastKnownFileType = sourcecode.swift; path = SelectMemberCollectionData.swift; sourceTree = "<group>"; };
		FBF9A60E2605BD8A00AE78DF /* FirestoreWorkspaceData.swift */ = {isa = PBXFileReference; lastKnownFileType = sourcecode.swift; path = FirestoreWorkspaceData.swift; sourceTree = "<group>"; };
		FBF9A6132605BDD600AE78DF /* FirestoreWorkspace.swift */ = {isa = PBXFileReference; lastKnownFileType = sourcecode.swift; path = FirestoreWorkspace.swift; sourceTree = "<group>"; };
		FBF9A6272606302200AE78DF /* SaveWorkspace.swift */ = {isa = PBXFileReference; lastKnownFileType = sourcecode.swift; path = SaveWorkspace.swift; sourceTree = "<group>"; };
		FBFCAAC425FF2FC900D66CC9 /* AuthUser.swift */ = {isa = PBXFileReference; lastKnownFileType = sourcecode.swift; path = AuthUser.swift; sourceTree = "<group>"; };
		FDD6B8BFAC0A461437292A6C /* Pods-Butterfly.release.xcconfig */ = {isa = PBXFileReference; includeInIndex = 1; lastKnownFileType = text.xcconfig; name = "Pods-Butterfly.release.xcconfig"; path = "Target Support Files/Pods-Butterfly/Pods-Butterfly.release.xcconfig"; sourceTree = "<group>"; };
/* End PBXFileReference section */

/* Begin PBXFrameworksBuildPhase section */
		FBA2883325F8896600D1B3BD /* Frameworks */ = {
			isa = PBXFrameworksBuildPhase;
			buildActionMask = 2147483647;
			files = (
				FE979F1D6A67DA01DB4748E0 /* Pods_Butterfly.framework in Frameworks */,
			);
			runOnlyForDeploymentPostprocessing = 0;
		};
		FBA5442C25FA554200112066 /* Frameworks */ = {
			isa = PBXFrameworksBuildPhase;
			buildActionMask = 2147483647;
			files = (
				C3672F15941CC99555666025 /* Pods_Butterfly_iOS.framework in Frameworks */,
			);
			runOnlyForDeploymentPostprocessing = 0;
		};
/* End PBXFrameworksBuildPhase section */

/* Begin PBXGroup section */
		171FB13C0125FB0DE1CD2B8B /* Pods */ = {
			isa = PBXGroup;
			children = (
				17389D7879DDB756C453740D /* Pods-Butterfly.debug.xcconfig */,
				FDD6B8BFAC0A461437292A6C /* Pods-Butterfly.release.xcconfig */,
				F30ACA8222B6B825B01A6E98 /* Pods-Butterfly-iOS.debug.xcconfig */,
				35613D854FB62252F15EADAB /* Pods-Butterfly-iOS.release.xcconfig */,
			);
			path = Pods;
			sourceTree = "<group>";
		};
		1E63D902095BE873CF505A55 /* Frameworks */ = {
			isa = PBXGroup;
			children = (
				A6B93144670685FE55D28ABD /* Pods_Butterfly.framework */,
				39E695FC21E914F41D36A055 /* Pods_Butterfly_iOS.framework */,
			);
			name = Frameworks;
			sourceTree = "<group>";
		};
		FB0D2F802606FCE2001403A5 /* Meeting */ = {
			isa = PBXGroup;
			children = (
				FB0D2F832606FD14001403A5 /* MeetingViewController.swift */,
				FB523C20260765C800801070 /* MeetingInputViewController.swift */,
				FB523C362607779100801070 /* MeetingCollectionViewController.swift */,
			);
			path = Meeting;
			sourceTree = "<group>";
		};
		FB0D2F8F26072CE2001403A5 /* Meeting */ = {
			isa = PBXGroup;
			children = (
				FB9D717E2608614000B7E9DE /* Statement */,
				FB0D2F9026072D1B001403A5 /* FirestoreMeetingData.swift */,
				FB0D2FAA26073CBD001403A5 /* FirestoreMeetingUserData.swift */,
				FB0D2FAE26073E23001403A5 /* FirestoreMeeting.swift */,
			);
			path = Meeting;
			sourceTree = "<group>";
		};
		FB0D2F9626072EAB001403A5 /* Shared */ = {
			isa = PBXGroup;
			children = (
				FB0D2F9D26072F60001403A5 /* SelectMemberUserData.swift */,
				FB0D2F9726072EC1001403A5 /* SelectMemberFetchProtocol.swift */,
			);
			path = Shared;
			sourceTree = "<group>";
		};
		FB0D2FB826075CB0001403A5 /* Meeting */ = {
			isa = PBXGroup;
			children = (
				FB523C242607681B00801070 /* SaveMeeting.swift */,
				FB0D2FB926075CC5001403A5 /* SelectMemberFetchForMeeting.swift */,
			);
			path = Meeting;
			sourceTree = "<group>";
		};
		FB204255260C545C006620A2 /* Util */ = {
			isa = PBXGroup;
			children = (
				FB204256260C5471006620A2 /* AppScheme.swift */,
			);
			path = Util;
			sourceTree = "<group>";
		};
		FB2603402608D26200323E4B /* Statement */ = {
			isa = PBXGroup;
			children = (
				FB2603472608D28F00323E4B /* StatementQueueData.swift */,
				FB2603412608D27D00323E4B /* StatementQueue.swift */,
			);
			path = Statement;
			sourceTree = "<group>";
		};
		FB26034D2608DC4700323E4B /* Statement */ = {
			isa = PBXGroup;
			children = (
				FB2603562608DE5B00323E4B /* StatementCollectionViewItemPresenter.swift */,
				FB26034E2608DC6D00323E4B /* StatementCollectionViewItem.swift */,
				FB26034F2608DC6D00323E4B /* StatementCollectionViewItem.xib */,
			);
			path = Statement;
			sourceTree = "<group>";
		};
		FB9D7167260820A700B7E9DE /* Meeting */ = {
			isa = PBXGroup;
			children = (
				FB9D71702608289600B7E9DE /* MeetingCollectionViewItemPresenter.swift */,
				FB9D7168260820A700B7E9DE /* MeetingCollectionViewItem.swift */,
				FB9D7169260820A700B7E9DE /* MeetingCollectionViewItem.xib */,
			);
			path = Meeting;
			sourceTree = "<group>";
		};
		FB9D717E2608614000B7E9DE /* Statement */ = {
			isa = PBXGroup;
			children = (
				FB9D71852608616A00B7E9DE /* FirestoreStatementData.swift */,
				FB9D7189260861BE00B7E9DE /* FirestoreStatementUserData.swift */,
				FB9D717F2608615F00B7E9DE /* FirestoreStatement.swift */,
			);
			path = Statement;
			sourceTree = "<group>";
		};
		FB9D719526086D5C00B7E9DE /* Statement */ = {
			isa = PBXGroup;
			children = (
				FB9D719C2608711300B7E9DE /* StatementWindowController.swift */,
				FB9D719626086D7700B7E9DE /* StatementViewController.swift */,
				FB26035E260B946400323E4B /* StatementShareViewController.swift */,
			);
			path = Statement;
			sourceTree = "<group>";
		};
		FB9D71A2260875E600B7E9DE /* Lib */ = {
			isa = PBXGroup;
			children = (
				FB204255260C545C006620A2 /* Util */,
				FB9D71A926087AE500B7E9DE /* Speech */,
			);
			path = Lib;
			sourceTree = "<group>";
		};
		FB9D71A926087AE500B7E9DE /* Speech */ = {
			isa = PBXGroup;
			children = (
				FB9D71AA26087BD500B7E9DE /* ObserveBreakInStatements.swift */,
				FB9D71B22608854100B7E9DE /* RecognitionRequest.swift */,
				FB9D71A32608763A00B7E9DE /* SpeechRecognizer.swift */,
			);
			path = Speech;
			sourceTree = "<group>";
		};
		FBA0D99325F9D9F3003FBC86 /* ViewController */ = {
			isa = PBXGroup;
			children = (
				FBF9A5DA2603973600AE78DF /* Presenter */,
				FBF9A5CB260392B800AE78DF /* Shared */,
				FBA544AB25FA5CFF00112066 /* Preferences */,
				FB0D2F802606FCE2001403A5 /* Meeting */,
				FB9D719526086D5C00B7E9DE /* Statement */,
				FBA2883B25F8896600D1B3BD /* MainViewController.swift */,
			);
			path = ViewController;
			sourceTree = "<group>";
		};
		FBA2882D25F8896600D1B3BD = {
			isa = PBXGroup;
			children = (
				FBA5446725FA557D00112066 /* Butterfly-Models */,
				FBA2883825F8896600D1B3BD /* Butterfly */,
				FBA5443025FA554200112066 /* Butterfly-iOS */,
				FBA2883725F8896600D1B3BD /* Products */,
				171FB13C0125FB0DE1CD2B8B /* Pods */,
				1E63D902095BE873CF505A55 /* Frameworks */,
				FB9D71B926088DA900B7E9DE /* test.m4a */,
			);
			sourceTree = "<group>";
		};
		FBA2883725F8896600D1B3BD /* Products */ = {
			isa = PBXGroup;
			children = (
				FBA2883625F8896600D1B3BD /* Butterfly.app */,
				FBA5442F25FA554200112066 /* Butterfly-iOS.app */,
			);
			name = Products;
			sourceTree = "<group>";
		};
		FBA2883825F8896600D1B3BD /* Butterfly */ = {
			isa = PBXGroup;
			children = (
				FBA0D99325F9D9F3003FBC86 /* ViewController */,
				FBA544F125FD04A600112066 /* View */,
				FBA2883925F8896600D1B3BD /* AppDelegate.swift */,
				FBA2883D25F8896700D1B3BD /* Assets.xcassets */,
				FBA2883F25F8896700D1B3BD /* Main.storyboard */,
				FBA2884225F8896700D1B3BD /* Info.plist */,
				FBA2884325F8896700D1B3BD /* Butterfly.entitlements */,
			);
			path = Butterfly;
			sourceTree = "<group>";
		};
		FBA5443025FA554200112066 /* Butterfly-iOS */ = {
			isa = PBXGroup;
			children = (
				FBA5443125FA554200112066 /* AppDelegate.swift */,
				FBA5443325FA554200112066 /* SceneDelegate.swift */,
				FBA5443525FA554200112066 /* ViewController.swift */,
				FBA5443725FA554200112066 /* Main.storyboard */,
				FBA5443A25FA554200112066 /* Assets.xcassets */,
				FBA5443C25FA554200112066 /* LaunchScreen.storyboard */,
				FBA5443F25FA554200112066 /* Info.plist */,
			);
			path = "Butterfly-iOS";
			sourceTree = "<group>";
		};
		FBA5446725FA557D00112066 /* Butterfly-Models */ = {
			isa = PBXGroup;
			children = (
				FBA544B225FA61CD00112066 /* Settings */,
				FBA5446825FA55A300112066 /* Firestore */,
				FBA5455E25FE488D00112066 /* UseCase */,
				FBA545EA25FFAD2900112066 /* Repository */,
				FBA5461F2600F15700112066 /* Storage */,
				FB9D71A2260875E600B7E9DE /* Lib */,
			);
			path = "Butterfly-Models";
			sourceTree = "<group>";
		};
		FBA5446825FA55A300112066 /* Firestore */ = {
			isa = PBXGroup;
			children = (
				FBF9A60D2605BD5900AE78DF /* Workspace */,
				FBA545C925FFA27400112066 /* User */,
				FBA5447225FA55E500112066 /* FirestoreSetup.swift */,
				FB0D2F8B26071930001403A5 /* FirestoreObserver.swift */,
				FB523C3C26077D9E00801070 /* FirestoreDocumentChangeWithData.swift */,
			);
			path = Firestore;
			sourceTree = "<group>";
		};
		FBA544AB25FA5CFF00112066 /* Preferences */ = {
			isa = PBXGroup;
			children = (
				FBA544BF25FA667000112066 /* PreferencesWindowController.swift */,
				FBA544AC25FA5D2400112066 /* PreferencesFirebaseViewController.swift */,
				FBA544C325FCF43600112066 /* PreferencesUserViewController.swift */,
				FB0D2F7A26063FBF001403A5 /* PreferencesWorkspaceCollectionData.swift */,
				FBA546372602409800112066 /* PreferencesWorkspaceViewController.swift */,
				FBA5463B260240BF00112066 /* PreferencesWorkspaceInputViewController.swift */,
			);
			path = Preferences;
			sourceTree = "<group>";
		};
		FBA544B225FA61CD00112066 /* Settings */ = {
			isa = PBXGroup;
			children = (
				FBA544B325FA61EA00112066 /* SettingUserDefault.swift */,
			);
			path = Settings;
			sourceTree = "<group>";
		};
		FBA544F125FD04A600112066 /* View */ = {
			isa = PBXGroup;
			children = (
				FBF9A5C426038BB000AE78DF /* Extension */,
				FBF9A5B926038A4E00AE78DF /* Shared */,
				FB9D7167260820A700B7E9DE /* Meeting */,
				FB26034D2608DC4700323E4B /* Statement */,
				FBA544F225FD04BB00112066 /* EditableNSTextField.swift */,
				FBA5456725FE5BF100112066 /* AlertBuilder.swift */,
			);
			path = View;
			sourceTree = "<group>";
		};
		FBA5455E25FE488D00112066 /* UseCase */ = {
			isa = PBXGroup;
			children = (
				FB0D2F9626072EAB001403A5 /* Shared */,
				FBA545E225FFACCB00112066 /* Preferences */,
				FB0D2FB826075CB0001403A5 /* Meeting */,
				FB2603402608D26200323E4B /* Statement */,
				FBFCAAC425FF2FC900D66CC9 /* AuthUser.swift */,
			);
			path = UseCase;
			sourceTree = "<group>";
		};
		FBA545C925FFA27400112066 /* User */ = {
			isa = PBXGroup;
			children = (
				FBA545CA25FFA28B00112066 /* FirestoreUserData.swift */,
				FBA545DD25FFA3D300112066 /* FirestoreUser.swift */,
			);
			path = User;
			sourceTree = "<group>";
		};
		FBA545E225FFACCB00112066 /* Preferences */ = {
			isa = PBXGroup;
			children = (
				FBA5455F25FE48AF00112066 /* SignUp.swift */,
				FBA5458F25FE620700112066 /* SignIn.swift */,
				FBA5459B25FF975800112066 /* SignOut.swift */,
				FBA546222600F47700112066 /* UploadIconImage.swift */,
				FBA546272600FA2700112066 /* UploadIconImageResponse.swift */,
				FBF9A6272606302200AE78DF /* SaveWorkspace.swift */,
				FB0D2FA126073025001403A5 /* SelectMemberFetchForPreferences.swift */,
			);
			path = Preferences;
			sourceTree = "<group>";
		};
		FBA545EA25FFAD2900112066 /* Repository */ = {
			isa = PBXGroup;
			children = (
				FB523C2E2607739600801070 /* RepositoryDocumentChangeType.swift */,
				FB523C2A2607738C00801070 /* RepositoryDocumentChange.swift */,
				FBA545E325FFACEA00112066 /* PreferencesRepository.swift */,
				FB0D2FB2260742E6001403A5 /* WorkspaceRepository.swift */,
				FB0D2F872606FEF5001403A5 /* MeetingRepository.swift */,
				FB9D71912608668000B7E9DE /* StatementRepository.swift */,
			);
			path = Repository;
			sourceTree = "<group>";
		};
		FBA5461F2600F15700112066 /* Storage */ = {
			isa = PBXGroup;
			children = (
				FBA546182600ECEF00112066 /* IconImage.swift */,
			);
			path = Storage;
			sourceTree = "<group>";
		};
		FBF9A5B926038A4E00AE78DF /* Shared */ = {
			isa = PBXGroup;
			children = (
				FBF9A5BC26038A7100AE78DF /* MemberIconView.swift */,
				FBF9A5C026038A7E00AE78DF /* MemberIconView.xib */,
				FB523C4926081A3E00801070 /* MemberIconContainer.swift */,
				FBF9A5D22603957B00AE78DF /* SelectMemberCollectionViewItem.swift */,
				FBF9A5D62603958B00AE78DF /* SelectMemberCollectionViewItem.xib */,
				FB0D2F6F26063965001403A5 /* TextCollectionViewItem.swift */,
				FB0D2F6E26063965001403A5 /* TextCollectionViewItem.xib */,
			);
			path = Shared;
			sourceTree = "<group>";
		};
		FBF9A5C426038BB000AE78DF /* Extension */ = {
			isa = PBXGroup;
			children = (
				FBF9A5C526038BCC00AE78DF /* NSImageView+AsyncLoad.swift */,
				FBF9A5E626056E4F00AE78DF /* NSView+NoClipping.swift */,
				FB0D2F7426063999001403A5 /* NSColor+AppColor.swift */,
			);
			path = Extension;
			sourceTree = "<group>";
		};
		FBF9A5CB260392B800AE78DF /* Shared */ = {
			isa = PBXGroup;
			children = (
				FBF9A5CC260392D500AE78DF /* SelectMemberViewController.swift */,
			);
			path = Shared;
			sourceTree = "<group>";
		};
		FBF9A5DA2603973600AE78DF /* Presenter */ = {
			isa = PBXGroup;
			children = (
				FBF9A5DB2603973D00AE78DF /* Shared */,
			);
			path = Presenter;
			sourceTree = "<group>";
		};
		FBF9A5DB2603973D00AE78DF /* Shared */ = {
			isa = PBXGroup;
			children = (
				FBF9A5DC2603975A00AE78DF /* SelectMemberCollectionViewItemPresenter.swift */,
				FBF9A5EA2605898900AE78DF /* SelectMemberCollectionData.swift */,
			);
			path = Shared;
			sourceTree = "<group>";
		};
		FBF9A60D2605BD5900AE78DF /* Workspace */ = {
			isa = PBXGroup;
			children = (
				FB0D2F8F26072CE2001403A5 /* Meeting */,
				FBF9A60E2605BD8A00AE78DF /* FirestoreWorkspaceData.swift */,
				FBF9A6132605BDD600AE78DF /* FirestoreWorkspace.swift */,
			);
			path = Workspace;
			sourceTree = "<group>";
		};
/* End PBXGroup section */

/* Begin PBXNativeTarget section */
		FBA2883525F8896600D1B3BD /* Butterfly */ = {
			isa = PBXNativeTarget;
			buildConfigurationList = FBA2885C25F8896800D1B3BD /* Build configuration list for PBXNativeTarget "Butterfly" */;
			buildPhases = (
				491F585389D5E43F5DD37873 /* [CP] Check Pods Manifest.lock */,
				FBA2883225F8896600D1B3BD /* Sources */,
				FBA2883325F8896600D1B3BD /* Frameworks */,
				FBA2883425F8896600D1B3BD /* Resources */,
				15AD64FE99080A8D7F06AB00 /* [CP] Embed Pods Frameworks */,
			);
			buildRules = (
			);
			dependencies = (
			);
			name = Butterfly;
			productName = Butterfly;
			productReference = FBA2883625F8896600D1B3BD /* Butterfly.app */;
			productType = "com.apple.product-type.application";
		};
		FBA5442E25FA554200112066 /* Butterfly-iOS */ = {
			isa = PBXNativeTarget;
			buildConfigurationList = FBA5445C25FA554300112066 /* Build configuration list for PBXNativeTarget "Butterfly-iOS" */;
			buildPhases = (
				AB47AD88EF08B3557957281D /* [CP] Check Pods Manifest.lock */,
				FBA5442B25FA554200112066 /* Sources */,
				FBA5442C25FA554200112066 /* Frameworks */,
				FBA5442D25FA554200112066 /* Resources */,
				6115A65A5E573ACF7C9BEE2C /* [CP] Embed Pods Frameworks */,
			);
			buildRules = (
			);
			dependencies = (
			);
			name = "Butterfly-iOS";
			productName = "Butterfly-iOS";
			productReference = FBA5442F25FA554200112066 /* Butterfly-iOS.app */;
			productType = "com.apple.product-type.application";
		};
/* End PBXNativeTarget section */

/* Begin PBXProject section */
		FBA2882E25F8896600D1B3BD /* Project object */ = {
			isa = PBXProject;
			attributes = {
				LastSwiftUpdateCheck = 1220;
				LastUpgradeCheck = 1240;
				TargetAttributes = {
					FBA2883525F8896600D1B3BD = {
						CreatedOnToolsVersion = 12.4;
					};
					FBA5442E25FA554200112066 = {
						CreatedOnToolsVersion = 12.2;
					};
				};
			};
			buildConfigurationList = FBA2883125F8896600D1B3BD /* Build configuration list for PBXProject "Butterfly" */;
			compatibilityVersion = "Xcode 9.3";
			developmentRegion = en;
			hasScannedForEncodings = 0;
			knownRegions = (
				en,
				Base,
			);
			mainGroup = FBA2882D25F8896600D1B3BD;
			packageReferences = (
			);
			productRefGroup = FBA2883725F8896600D1B3BD /* Products */;
			projectDirPath = "";
			projectRoot = "";
			targets = (
				FBA2883525F8896600D1B3BD /* Butterfly */,
				FBA5442E25FA554200112066 /* Butterfly-iOS */,
			);
		};
/* End PBXProject section */

/* Begin PBXResourcesBuildPhase section */
		FBA2883425F8896600D1B3BD /* Resources */ = {
			isa = PBXResourcesBuildPhase;
			buildActionMask = 2147483647;
			files = (
				FBA2883E25F8896700D1B3BD /* Assets.xcassets in Resources */,
				FB9D716B260820A700B7E9DE /* MeetingCollectionViewItem.xib in Resources */,
				FB2603512608DC6D00323E4B /* StatementCollectionViewItem.xib in Resources */,
				FBA2884125F8896700D1B3BD /* Main.storyboard in Resources */,
				FBF9A5D72603958B00AE78DF /* SelectMemberCollectionViewItem.xib in Resources */,
				FBF9A5C126038A7E00AE78DF /* MemberIconView.xib in Resources */,
				FB0D2F7026063965001403A5 /* TextCollectionViewItem.xib in Resources */,
			);
			runOnlyForDeploymentPostprocessing = 0;
		};
		FBA5442D25FA554200112066 /* Resources */ = {
			isa = PBXResourcesBuildPhase;
			buildActionMask = 2147483647;
			files = (
				FBA5443E25FA554200112066 /* LaunchScreen.storyboard in Resources */,
				FBA5443B25FA554200112066 /* Assets.xcassets in Resources */,
				FBA5443925FA554200112066 /* Main.storyboard in Resources */,
			);
			runOnlyForDeploymentPostprocessing = 0;
		};
/* End PBXResourcesBuildPhase section */

/* Begin PBXShellScriptBuildPhase section */
		15AD64FE99080A8D7F06AB00 /* [CP] Embed Pods Frameworks */ = {
			isa = PBXShellScriptBuildPhase;
			buildActionMask = 2147483647;
			files = (
			);
			inputFileListPaths = (
				"${PODS_ROOT}/Target Support Files/Pods-Butterfly/Pods-Butterfly-frameworks-${CONFIGURATION}-input-files.xcfilelist",
			);
			name = "[CP] Embed Pods Frameworks";
			outputFileListPaths = (
				"${PODS_ROOT}/Target Support Files/Pods-Butterfly/Pods-Butterfly-frameworks-${CONFIGURATION}-output-files.xcfilelist",
			);
			runOnlyForDeploymentPostprocessing = 0;
			shellPath = /bin/sh;
			shellScript = "\"${PODS_ROOT}/Target Support Files/Pods-Butterfly/Pods-Butterfly-frameworks.sh\"\n";
			showEnvVarsInLog = 0;
		};
		491F585389D5E43F5DD37873 /* [CP] Check Pods Manifest.lock */ = {
			isa = PBXShellScriptBuildPhase;
			buildActionMask = 2147483647;
			files = (
			);
			inputFileListPaths = (
			);
			inputPaths = (
				"${PODS_PODFILE_DIR_PATH}/Podfile.lock",
				"${PODS_ROOT}/Manifest.lock",
			);
			name = "[CP] Check Pods Manifest.lock";
			outputFileListPaths = (
			);
			outputPaths = (
				"$(DERIVED_FILE_DIR)/Pods-Butterfly-checkManifestLockResult.txt",
			);
			runOnlyForDeploymentPostprocessing = 0;
			shellPath = /bin/sh;
			shellScript = "diff \"${PODS_PODFILE_DIR_PATH}/Podfile.lock\" \"${PODS_ROOT}/Manifest.lock\" > /dev/null\nif [ $? != 0 ] ; then\n    # print error to STDERR\n    echo \"error: The sandbox is not in sync with the Podfile.lock. Run 'pod install' or update your CocoaPods installation.\" >&2\n    exit 1\nfi\n# This output is used by Xcode 'outputs' to avoid re-running this script phase.\necho \"SUCCESS\" > \"${SCRIPT_OUTPUT_FILE_0}\"\n";
			showEnvVarsInLog = 0;
		};
		6115A65A5E573ACF7C9BEE2C /* [CP] Embed Pods Frameworks */ = {
			isa = PBXShellScriptBuildPhase;
			buildActionMask = 2147483647;
			files = (
			);
			inputFileListPaths = (
				"${PODS_ROOT}/Target Support Files/Pods-Butterfly-iOS/Pods-Butterfly-iOS-frameworks-${CONFIGURATION}-input-files.xcfilelist",
			);
			name = "[CP] Embed Pods Frameworks";
			outputFileListPaths = (
				"${PODS_ROOT}/Target Support Files/Pods-Butterfly-iOS/Pods-Butterfly-iOS-frameworks-${CONFIGURATION}-output-files.xcfilelist",
			);
			runOnlyForDeploymentPostprocessing = 0;
			shellPath = /bin/sh;
			shellScript = "\"${PODS_ROOT}/Target Support Files/Pods-Butterfly-iOS/Pods-Butterfly-iOS-frameworks.sh\"\n";
			showEnvVarsInLog = 0;
		};
		AB47AD88EF08B3557957281D /* [CP] Check Pods Manifest.lock */ = {
			isa = PBXShellScriptBuildPhase;
			buildActionMask = 2147483647;
			files = (
			);
			inputFileListPaths = (
			);
			inputPaths = (
				"${PODS_PODFILE_DIR_PATH}/Podfile.lock",
				"${PODS_ROOT}/Manifest.lock",
			);
			name = "[CP] Check Pods Manifest.lock";
			outputFileListPaths = (
			);
			outputPaths = (
				"$(DERIVED_FILE_DIR)/Pods-Butterfly-iOS-checkManifestLockResult.txt",
			);
			runOnlyForDeploymentPostprocessing = 0;
			shellPath = /bin/sh;
			shellScript = "diff \"${PODS_PODFILE_DIR_PATH}/Podfile.lock\" \"${PODS_ROOT}/Manifest.lock\" > /dev/null\nif [ $? != 0 ] ; then\n    # print error to STDERR\n    echo \"error: The sandbox is not in sync with the Podfile.lock. Run 'pod install' or update your CocoaPods installation.\" >&2\n    exit 1\nfi\n# This output is used by Xcode 'outputs' to avoid re-running this script phase.\necho \"SUCCESS\" > \"${SCRIPT_OUTPUT_FILE_0}\"\n";
			showEnvVarsInLog = 0;
		};
/* End PBXShellScriptBuildPhase section */

/* Begin PBXSourcesBuildPhase section */
		FBA2883225F8896600D1B3BD /* Sources */ = {
			isa = PBXSourcesBuildPhase;
			buildActionMask = 2147483647;
			files = (
				FBA5459C25FF975800112066 /* SignOut.swift in Sources */,
				FB9D71862608616A00B7E9DE /* FirestoreStatementData.swift in Sources */,
				FBF9A5DD2603975A00AE78DF /* SelectMemberCollectionViewItemPresenter.swift in Sources */,
				FB523C252607681C00801070 /* SaveMeeting.swift in Sources */,
				FB0D2FBA26075CC5001403A5 /* SelectMemberFetchForMeeting.swift in Sources */,
				FB9D71712608289600B7E9DE /* MeetingCollectionViewItemPresenter.swift in Sources */,
				FB9D716A260820A700B7E9DE /* MeetingCollectionViewItem.swift in Sources */,
				FB2603502608DC6D00323E4B /* StatementCollectionViewItem.swift in Sources */,
				FB523C2B2607738C00801070 /* RepositoryDocumentChange.swift in Sources */,
				FB2603572608DE5B00323E4B /* StatementCollectionViewItemPresenter.swift in Sources */,
				FB0D2F7526063999001403A5 /* NSColor+AppColor.swift in Sources */,
				FB0D2FB3260742E6001403A5 /* WorkspaceRepository.swift in Sources */,
				FBF9A6142605BDD600AE78DF /* FirestoreWorkspace.swift in Sources */,
				FBA545DE25FFA3D300112066 /* FirestoreUser.swift in Sources */,
				FB204257260C5471006620A2 /* AppScheme.swift in Sources */,
				FBF9A5CD260392D500AE78DF /* SelectMemberViewController.swift in Sources */,
				FB0D2F9826072EC1001403A5 /* SelectMemberFetchProtocol.swift in Sources */,
				FBFCAAC525FF2FCA00D66CC9 /* AuthUser.swift in Sources */,
				FBA545E425FFACEA00112066 /* PreferencesRepository.swift in Sources */,
				FBA545CB25FFA28B00112066 /* FirestoreUserData.swift in Sources */,
				FB0D2F8C26071930001403A5 /* FirestoreObserver.swift in Sources */,
				FBA544F325FD04BB00112066 /* EditableNSTextField.swift in Sources */,
				FB9D71922608668000B7E9DE /* StatementRepository.swift in Sources */,
				FBA5456025FE48AF00112066 /* SignUp.swift in Sources */,
				FB9D718A260861BE00B7E9DE /* FirestoreStatementUserData.swift in Sources */,
				FB26035F260B946400323E4B /* StatementShareViewController.swift in Sources */,
				FBA544C025FA667000112066 /* PreferencesWindowController.swift in Sources */,
				FB523C21260765C800801070 /* MeetingInputViewController.swift in Sources */,
				FB0D2F9E26072F60001403A5 /* SelectMemberUserData.swift in Sources */,
				FBA5459025FE620700112066 /* SignIn.swift in Sources */,
				FB0D2FAB26073CBD001403A5 /* FirestoreMeetingUserData.swift in Sources */,
				FB0D2FAF26073E23001403A5 /* FirestoreMeeting.swift in Sources */,
				FBF9A5EB2605898A00AE78DF /* SelectMemberCollectionData.swift in Sources */,
				FBF9A5D32603957B00AE78DF /* SelectMemberCollectionViewItem.swift in Sources */,
				FBA544AD25FA5D2400112066 /* PreferencesFirebaseViewController.swift in Sources */,
				FBA5456825FE5BF100112066 /* AlertBuilder.swift in Sources */,
				FB523C3D26077D9E00801070 /* FirestoreDocumentChangeWithData.swift in Sources */,
				FB523C4A26081A3E00801070 /* MemberIconContainer.swift in Sources */,
				FBF9A5BD26038A7100AE78DF /* MemberIconView.swift in Sources */,
				FBF9A5E726056E4F00AE78DF /* NSView+NoClipping.swift in Sources */,
				FB0D2F7126063965001403A5 /* TextCollectionViewItem.swift in Sources */,
				FB9D71AB26087BD500B7E9DE /* ObserveBreakInStatements.swift in Sources */,
				FB0D2FA226073025001403A5 /* SelectMemberFetchForPreferences.swift in Sources */,
				FBF9A6282606302200AE78DF /* SaveWorkspace.swift in Sources */,
				FBA5447325FA55E500112066 /* FirestoreSetup.swift in Sources */,
				FB2603422608D27D00323E4B /* StatementQueue.swift in Sources */,
				FBF9A5C626038BCC00AE78DF /* NSImageView+AsyncLoad.swift in Sources */,
				FB523C2F2607739600801070 /* RepositoryDocumentChangeType.swift in Sources */,
				FB9D71802608615F00B7E9DE /* FirestoreStatement.swift in Sources */,
				FB9D71A42608763A00B7E9DE /* SpeechRecognizer.swift in Sources */,
				FB0D2F882606FEF5001403A5 /* MeetingRepository.swift in Sources */,
				FB0D2F842606FD14001403A5 /* MeetingViewController.swift in Sources */,
				FB9D719726086D7700B7E9DE /* StatementViewController.swift in Sources */,
				FBA544B425FA61EA00112066 /* SettingUserDefault.swift in Sources */,
				FBA2883C25F8896600D1B3BD /* MainViewController.swift in Sources */,
				FBA544C425FCF43600112066 /* PreferencesUserViewController.swift in Sources */,
				FBA546382602409800112066 /* PreferencesWorkspaceViewController.swift in Sources */,
				FBA5463C260240BF00112066 /* PreferencesWorkspaceInputViewController.swift in Sources */,
				FB523C372607779100801070 /* MeetingCollectionViewController.swift in Sources */,
				FBF9A60F2605BD8A00AE78DF /* FirestoreWorkspaceData.swift in Sources */,
				FB9D71B32608854100B7E9DE /* RecognitionRequest.swift in Sources */,
				FBA546192600ECEF00112066 /* IconImage.swift in Sources */,
				FB0D2F9126072D1B001403A5 /* FirestoreMeetingData.swift in Sources */,
				FB2603482608D28F00323E4B /* StatementQueueData.swift in Sources */,
				FB0D2F7B26063FBF001403A5 /* PreferencesWorkspaceCollectionData.swift in Sources */,
				FBA546282600FA2700112066 /* UploadIconImageResponse.swift in Sources */,
				FBA2883A25F8896600D1B3BD /* AppDelegate.swift in Sources */,
				FBA546232600F47700112066 /* UploadIconImage.swift in Sources */,
				FB9D719D2608711300B7E9DE /* StatementWindowController.swift in Sources */,
			);
			runOnlyForDeploymentPostprocessing = 0;
		};
		FBA5442B25FA554200112066 /* Sources */ = {
			isa = PBXSourcesBuildPhase;
			buildActionMask = 2147483647;
			files = (
				FB0D2FA526073947001403A5 /* SelectMemberFetchForPreferences.swift in Sources */,
				FBF9A6152605BDD600AE78DF /* FirestoreWorkspace.swift in Sources */,
				FBA545D625FFA3AA00112066 /* FirestoreUserData.swift in Sources */,
				FBA545D725FFA3AA00112066 /* SignUp.swift in Sources */,
				FBA545D825FFA3AA00112066 /* SignIn.swift in Sources */,
				FBF9A6102605BD8A00AE78DF /* FirestoreWorkspaceData.swift in Sources */,
				FBA545D925FFA3AA00112066 /* SignOut.swift in Sources */,
				FBA545DF25FFA3D300112066 /* FirestoreUser.swift in Sources */,
				FBA545DA25FFA3AA00112066 /* AuthUser.swift in Sources */,
				FBA544FF25FD12EE00112066 /* SettingUserDefault.swift in Sources */,
				FBA546242600F47700112066 /* UploadIconImage.swift in Sources */,
				FBA5443625FA554200112066 /* ViewController.swift in Sources */,
				FBF9A6292606302200AE78DF /* SaveWorkspace.swift in Sources */,
				FBA5443225FA554200112066 /* AppDelegate.swift in Sources */,
				FBA546292600FA2700112066 /* UploadIconImageResponse.swift in Sources */,
				FBA5443425FA554200112066 /* SceneDelegate.swift in Sources */,
				FBA5447425FA55E500112066 /* FirestoreSetup.swift in Sources */,
				FBA545E525FFACEA00112066 /* PreferencesRepository.swift in Sources */,
				FBA5461A2600ECEF00112066 /* IconImage.swift in Sources */,
			);
			runOnlyForDeploymentPostprocessing = 0;
		};
/* End PBXSourcesBuildPhase section */

/* Begin PBXVariantGroup section */
		FBA2883F25F8896700D1B3BD /* Main.storyboard */ = {
			isa = PBXVariantGroup;
			children = (
				FBA2884025F8896700D1B3BD /* Base */,
			);
			name = Main.storyboard;
			sourceTree = "<group>";
		};
		FBA5443725FA554200112066 /* Main.storyboard */ = {
			isa = PBXVariantGroup;
			children = (
				FBA5443825FA554200112066 /* Base */,
			);
			name = Main.storyboard;
			sourceTree = "<group>";
		};
		FBA5443C25FA554200112066 /* LaunchScreen.storyboard */ = {
			isa = PBXVariantGroup;
			children = (
				FBA5443D25FA554200112066 /* Base */,
			);
			name = LaunchScreen.storyboard;
			sourceTree = "<group>";
		};
/* End PBXVariantGroup section */

/* Begin XCBuildConfiguration section */
		FBA2885A25F8896800D1B3BD /* Debug */ = {
			isa = XCBuildConfiguration;
			buildSettings = {
				ALWAYS_SEARCH_USER_PATHS = NO;
				CLANG_ANALYZER_NONNULL = YES;
				CLANG_ANALYZER_NUMBER_OBJECT_CONVERSION = YES_AGGRESSIVE;
				CLANG_CXX_LANGUAGE_STANDARD = "gnu++14";
				CLANG_CXX_LIBRARY = "libc++";
				CLANG_ENABLE_MODULES = YES;
				CLANG_ENABLE_OBJC_ARC = YES;
				CLANG_ENABLE_OBJC_WEAK = YES;
				CLANG_WARN_BLOCK_CAPTURE_AUTORELEASING = YES;
				CLANG_WARN_BOOL_CONVERSION = YES;
				CLANG_WARN_COMMA = YES;
				CLANG_WARN_CONSTANT_CONVERSION = YES;
				CLANG_WARN_DEPRECATED_OBJC_IMPLEMENTATIONS = YES;
				CLANG_WARN_DIRECT_OBJC_ISA_USAGE = YES_ERROR;
				CLANG_WARN_DOCUMENTATION_COMMENTS = YES;
				CLANG_WARN_EMPTY_BODY = YES;
				CLANG_WARN_ENUM_CONVERSION = YES;
				CLANG_WARN_INFINITE_RECURSION = YES;
				CLANG_WARN_INT_CONVERSION = YES;
				CLANG_WARN_NON_LITERAL_NULL_CONVERSION = YES;
				CLANG_WARN_OBJC_IMPLICIT_RETAIN_SELF = YES;
				CLANG_WARN_OBJC_LITERAL_CONVERSION = YES;
				CLANG_WARN_OBJC_ROOT_CLASS = YES_ERROR;
				CLANG_WARN_QUOTED_INCLUDE_IN_FRAMEWORK_HEADER = YES;
				CLANG_WARN_RANGE_LOOP_ANALYSIS = YES;
				CLANG_WARN_STRICT_PROTOTYPES = YES;
				CLANG_WARN_SUSPICIOUS_MOVE = YES;
				CLANG_WARN_UNGUARDED_AVAILABILITY = YES_AGGRESSIVE;
				CLANG_WARN_UNREACHABLE_CODE = YES;
				CLANG_WARN__DUPLICATE_METHOD_MATCH = YES;
				COPY_PHASE_STRIP = NO;
				DEBUG_INFORMATION_FORMAT = dwarf;
				ENABLE_STRICT_OBJC_MSGSEND = YES;
				ENABLE_TESTABILITY = YES;
				GCC_C_LANGUAGE_STANDARD = gnu11;
				GCC_DYNAMIC_NO_PIC = NO;
				GCC_NO_COMMON_BLOCKS = YES;
				GCC_OPTIMIZATION_LEVEL = 0;
				GCC_PREPROCESSOR_DEFINITIONS = (
					"DEBUG=1",
					"$(inherited)",
				);
				GCC_WARN_64_TO_32_BIT_CONVERSION = YES;
				GCC_WARN_ABOUT_RETURN_TYPE = YES_ERROR;
				GCC_WARN_UNDECLARED_SELECTOR = YES;
				GCC_WARN_UNINITIALIZED_AUTOS = YES_AGGRESSIVE;
				GCC_WARN_UNUSED_FUNCTION = YES;
				GCC_WARN_UNUSED_VARIABLE = YES;
				MACOSX_DEPLOYMENT_TARGET = 11.1;
				MTL_ENABLE_DEBUG_INFO = INCLUDE_SOURCE;
				MTL_FAST_MATH = YES;
				ONLY_ACTIVE_ARCH = YES;
				SDKROOT = macosx;
				SWIFT_ACTIVE_COMPILATION_CONDITIONS = DEBUG;
				SWIFT_OPTIMIZATION_LEVEL = "-Onone";
			};
			name = Debug;
		};
		FBA2885B25F8896800D1B3BD /* Release */ = {
			isa = XCBuildConfiguration;
			buildSettings = {
				ALWAYS_SEARCH_USER_PATHS = NO;
				CLANG_ANALYZER_NONNULL = YES;
				CLANG_ANALYZER_NUMBER_OBJECT_CONVERSION = YES_AGGRESSIVE;
				CLANG_CXX_LANGUAGE_STANDARD = "gnu++14";
				CLANG_CXX_LIBRARY = "libc++";
				CLANG_ENABLE_MODULES = YES;
				CLANG_ENABLE_OBJC_ARC = YES;
				CLANG_ENABLE_OBJC_WEAK = YES;
				CLANG_WARN_BLOCK_CAPTURE_AUTORELEASING = YES;
				CLANG_WARN_BOOL_CONVERSION = YES;
				CLANG_WARN_COMMA = YES;
				CLANG_WARN_CONSTANT_CONVERSION = YES;
				CLANG_WARN_DEPRECATED_OBJC_IMPLEMENTATIONS = YES;
				CLANG_WARN_DIRECT_OBJC_ISA_USAGE = YES_ERROR;
				CLANG_WARN_DOCUMENTATION_COMMENTS = YES;
				CLANG_WARN_EMPTY_BODY = YES;
				CLANG_WARN_ENUM_CONVERSION = YES;
				CLANG_WARN_INFINITE_RECURSION = YES;
				CLANG_WARN_INT_CONVERSION = YES;
				CLANG_WARN_NON_LITERAL_NULL_CONVERSION = YES;
				CLANG_WARN_OBJC_IMPLICIT_RETAIN_SELF = YES;
				CLANG_WARN_OBJC_LITERAL_CONVERSION = YES;
				CLANG_WARN_OBJC_ROOT_CLASS = YES_ERROR;
				CLANG_WARN_QUOTED_INCLUDE_IN_FRAMEWORK_HEADER = YES;
				CLANG_WARN_RANGE_LOOP_ANALYSIS = YES;
				CLANG_WARN_STRICT_PROTOTYPES = YES;
				CLANG_WARN_SUSPICIOUS_MOVE = YES;
				CLANG_WARN_UNGUARDED_AVAILABILITY = YES_AGGRESSIVE;
				CLANG_WARN_UNREACHABLE_CODE = YES;
				CLANG_WARN__DUPLICATE_METHOD_MATCH = YES;
				COPY_PHASE_STRIP = NO;
				DEBUG_INFORMATION_FORMAT = "dwarf-with-dsym";
				ENABLE_NS_ASSERTIONS = NO;
				ENABLE_STRICT_OBJC_MSGSEND = YES;
				GCC_C_LANGUAGE_STANDARD = gnu11;
				GCC_NO_COMMON_BLOCKS = YES;
				GCC_WARN_64_TO_32_BIT_CONVERSION = YES;
				GCC_WARN_ABOUT_RETURN_TYPE = YES_ERROR;
				GCC_WARN_UNDECLARED_SELECTOR = YES;
				GCC_WARN_UNINITIALIZED_AUTOS = YES_AGGRESSIVE;
				GCC_WARN_UNUSED_FUNCTION = YES;
				GCC_WARN_UNUSED_VARIABLE = YES;
				MACOSX_DEPLOYMENT_TARGET = 11.1;
				MTL_ENABLE_DEBUG_INFO = NO;
				MTL_FAST_MATH = YES;
				SDKROOT = macosx;
				SWIFT_COMPILATION_MODE = wholemodule;
				SWIFT_OPTIMIZATION_LEVEL = "-O";
			};
			name = Release;
		};
		FBA2885D25F8896800D1B3BD /* Debug */ = {
			isa = XCBuildConfiguration;
			baseConfigurationReference = 17389D7879DDB756C453740D /* Pods-Butterfly.debug.xcconfig */;
			buildSettings = {
				ASSETCATALOG_COMPILER_APPICON_NAME = AppIcon;
				ASSETCATALOG_COMPILER_GLOBAL_ACCENT_COLOR_NAME = AccentColor;
				CODE_SIGN_ENTITLEMENTS = Butterfly/Butterfly.entitlements;
				CODE_SIGN_STYLE = Automatic;
				COMBINE_HIDPI_IMAGES = YES;
				DEVELOPMENT_TEAM = L3KVSF9U8Y;
				ENABLE_HARDENED_RUNTIME = YES;
				INFOPLIST_FILE = Butterfly/Info.plist;
				LD_RUNPATH_SEARCH_PATHS = (
					"$(inherited)",
					"@executable_path/../Frameworks",
				);
				MACOSX_DEPLOYMENT_TARGET = 10.15;
				PRODUCT_BUNDLE_IDENTIFIER = com.koalab.Butterfly;
				PRODUCT_NAME = "$(TARGET_NAME)";
				SWIFT_VERSION = 5.0;
			};
			name = Debug;
		};
		FBA2885E25F8896800D1B3BD /* Release */ = {
			isa = XCBuildConfiguration;
			baseConfigurationReference = FDD6B8BFAC0A461437292A6C /* Pods-Butterfly.release.xcconfig */;
			buildSettings = {
				ASSETCATALOG_COMPILER_APPICON_NAME = AppIcon;
				ASSETCATALOG_COMPILER_GLOBAL_ACCENT_COLOR_NAME = AccentColor;
				CODE_SIGN_ENTITLEMENTS = Butterfly/Butterfly.entitlements;
				CODE_SIGN_STYLE = Automatic;
				COMBINE_HIDPI_IMAGES = YES;
				DEVELOPMENT_TEAM = L3KVSF9U8Y;
				ENABLE_HARDENED_RUNTIME = YES;
				INFOPLIST_FILE = Butterfly/Info.plist;
				LD_RUNPATH_SEARCH_PATHS = (
					"$(inherited)",
					"@executable_path/../Frameworks",
				);
				MACOSX_DEPLOYMENT_TARGET = 10.15;
				PRODUCT_BUNDLE_IDENTIFIER = com.koalab.Butterfly;
				PRODUCT_NAME = "$(TARGET_NAME)";
				SWIFT_VERSION = 5.0;
			};
			name = Release;
		};
		FBA5445625FA554300112066 /* Debug */ = {
			isa = XCBuildConfiguration;
			baseConfigurationReference = F30ACA8222B6B825B01A6E98 /* Pods-Butterfly-iOS.debug.xcconfig */;
			buildSettings = {
				ASSETCATALOG_COMPILER_APPICON_NAME = AppIcon;
				ASSETCATALOG_COMPILER_GLOBAL_ACCENT_COLOR_NAME = AccentColor;
				CODE_SIGN_STYLE = Automatic;
				DEVELOPMENT_TEAM = L3KVSF9U8Y;
				INFOPLIST_FILE = "Butterfly-iOS/Info.plist";
				IPHONEOS_DEPLOYMENT_TARGET = 14.2;
				LD_RUNPATH_SEARCH_PATHS = (
					"$(inherited)",
					"@executable_path/Frameworks",
				);
				PRODUCT_BUNDLE_IDENTIFIER = "com.koalab.Butterfly-iOS";
				PRODUCT_NAME = "$(TARGET_NAME)";
				SDKROOT = iphoneos;
				SWIFT_VERSION = 5.0;
				TARGETED_DEVICE_FAMILY = 1;
			};
			name = Debug;
		};
		FBA5445725FA554300112066 /* Release */ = {
			isa = XCBuildConfiguration;
			baseConfigurationReference = 35613D854FB62252F15EADAB /* Pods-Butterfly-iOS.release.xcconfig */;
			buildSettings = {
				ASSETCATALOG_COMPILER_APPICON_NAME = AppIcon;
				ASSETCATALOG_COMPILER_GLOBAL_ACCENT_COLOR_NAME = AccentColor;
				CODE_SIGN_STYLE = Automatic;
				DEVELOPMENT_TEAM = L3KVSF9U8Y;
				INFOPLIST_FILE = "Butterfly-iOS/Info.plist";
				IPHONEOS_DEPLOYMENT_TARGET = 14.2;
				LD_RUNPATH_SEARCH_PATHS = (
					"$(inherited)",
					"@executable_path/Frameworks",
				);
				PRODUCT_BUNDLE_IDENTIFIER = "com.koalab.Butterfly-iOS";
				PRODUCT_NAME = "$(TARGET_NAME)";
				SDKROOT = iphoneos;
				SWIFT_VERSION = 5.0;
				TARGETED_DEVICE_FAMILY = 1;
				VALIDATE_PRODUCT = YES;
			};
			name = Release;
		};
/* End XCBuildConfiguration section */

/* Begin XCConfigurationList section */
		FBA2883125F8896600D1B3BD /* Build configuration list for PBXProject "Butterfly" */ = {
			isa = XCConfigurationList;
			buildConfigurations = (
				FBA2885A25F8896800D1B3BD /* Debug */,
				FBA2885B25F8896800D1B3BD /* Release */,
			);
			defaultConfigurationIsVisible = 0;
			defaultConfigurationName = Release;
		};
		FBA2885C25F8896800D1B3BD /* Build configuration list for PBXNativeTarget "Butterfly" */ = {
			isa = XCConfigurationList;
			buildConfigurations = (
				FBA2885D25F8896800D1B3BD /* Debug */,
				FBA2885E25F8896800D1B3BD /* Release */,
			);
			defaultConfigurationIsVisible = 0;
			defaultConfigurationName = Release;
		};
		FBA5445C25FA554300112066 /* Build configuration list for PBXNativeTarget "Butterfly-iOS" */ = {
			isa = XCConfigurationList;
			buildConfigurations = (
				FBA5445625FA554300112066 /* Debug */,
				FBA5445725FA554300112066 /* Release */,
			);
			defaultConfigurationIsVisible = 0;
			defaultConfigurationName = Release;
		};
/* End XCConfigurationList section */
	};
	rootObject = FBA2882E25F8896600D1B3BD /* Project object */;
}
